
Microsoft Visual Studio Solution File, Format Version 12.00
# Visual Studio Version 17
VisualStudioVersion = 17.7.34031.279
MinimumVisualStudioVersion = 10.0.40219.1
Project("{FAE04EC0-301F-11D3-BF4B-00C04F79EFBC}") = "CS_first_task", "CS_first_task.csproj", "{E607CC6F-BF25-4C69-9F5D-58A5BBE70ECC}"
EndProject
Global
	GlobalSection(SolutionConfigurationPlatforms) = preSolution
		Debug|Any CPU = Debug|Any CPU
		Release|Any CPU = Release|Any CPU
	EndGlobalSection
	GlobalSection(ProjectConfigurationPlatforms) = postSolution
		{E607CC6F-BF25-4C69-9F5D-58A5BBE70ECC}.Debug|Any CPU.ActiveCfg = Debug|Any CPU
		{E607CC6F-BF25-4C69-9F5D-58A5BBE70ECC}.Debug|Any CPU.Build.0 = Debug|Any CPU
		{E607CC6F-BF25-4C69-9F5D-58A5BBE70ECC}.Release|Any CPU.ActiveCfg = Release|Any CPU
		{E607CC6F-BF25-4C69-9F5D-58A5BBE70ECC}.Release|Any CPU.Build.0 = Release|Any CPU
	EndGlobalSection
	GlobalSection(SolutionProperties) = preSolution
		HideSolutionNode = FALSE
	EndGlobalSection
	GlobalSection(ExtensibilityGlobals) = postSolution
		SolutionGuid = {99E907CD-7E62-4E1F-8C1D-566B7B207BE1}
	EndGlobalSection
EndGlobal
